// !$*UTF8*$!
{
	archiveVersion = 1;
	classes = {
	};
	objectVersion = 56;
	objects = {

/* Begin PBXBuildFile section */
		6A13659A2BEDDEA10037CD4D /* AppDelegate.swift in Sources */ = {isa = PBXBuildFile; fileRef = 6A1365992BEDDEA10037CD4D /* AppDelegate.swift */; };
		6A13659C2BEDDEA10037CD4D /* SceneDelegate.swift in Sources */ = {isa = PBXBuildFile; fileRef = 6A13659B2BEDDEA10037CD4D /* SceneDelegate.swift */; };
		6A13659E2BEDDEA10037CD4D /* AppViewController.swift in Sources */ = {isa = PBXBuildFile; fileRef = 6A13659D2BEDDEA10037CD4D /* AppViewController.swift */; };
		6A1365A32BEDDEA30037CD4D /* Assets.xcassets in Resources */ = {isa = PBXBuildFile; fileRef = 6A1365A22BEDDEA30037CD4D /* Assets.xcassets */; };
		6A1365A62BEDDEA30037CD4D /* LaunchScreen.storyboard in Resources */ = {isa = PBXBuildFile; fileRef = 6A1365A42BEDDEA30037CD4D /* LaunchScreen.storyboard */; };
		6A1365B72BF1AA0C0037CD4D /* Then in Frameworks */ = {isa = PBXBuildFile; productRef = 6A1365B62BF1AA0C0037CD4D /* Then */; };
		6A1365BB2BF1B6E80037CD4D /* Mocks.swift in Sources */ = {isa = PBXBuildFile; fileRef = 6A1365BA2BF1B6E80037CD4D /* Mocks.swift */; };
		6A1365BD2BF1CCFE0037CD4D /* AppSection.swift in Sources */ = {isa = PBXBuildFile; fileRef = 6A1365BC2BF1CCFE0037CD4D /* AppSection.swift */; };
		6A1365BF2BF1D4C10037CD4D /* FeatureCell.swift in Sources */ = {isa = PBXBuildFile; fileRef = 6A1365BE2BF1D4C10037CD4D /* FeatureCell.swift */; };
		6A1365D22BF2093D0037CD4D /* SnapKit in Frameworks */ = {isa = PBXBuildFile; productRef = 6A1365D12BF2093D0037CD4D /* SnapKit */; };
		6A1365D42BF20DBE0037CD4D /* RankingFeatureCell.swift in Sources */ = {isa = PBXBuildFile; fileRef = 6A1365D32BF20DBE0037CD4D /* RankingFeatureCell.swift */; };
		6A1365D82BF32BC50037CD4D /* HeaderView.swift in Sources */ = {isa = PBXBuildFile; fileRef = 6A1365D72BF32BC50037CD4D /* HeaderView.swift */; };
		6A1365DA2BF3337C0037CD4D /* FooterView.swift in Sources */ = {isa = PBXBuildFile; fileRef = 6A1365D92BF3337C0037CD4D /* FooterView.swift */; };
/* End PBXBuildFile section */

/* Begin PBXCopyFilesBuildPhase section */
		6A1365C62BF206EB0037CD4D /* Embed Frameworks */ = {
			isa = PBXCopyFilesBuildPhase;
			buildActionMask = 2147483647;
			dstPath = "";
			dstSubfolderSpec = 10;
			files = (
			);
			name = "Embed Frameworks";
			runOnlyForDeploymentPostprocessing = 0;
		};
/* End PBXCopyFilesBuildPhase section */

/* Begin PBXFileReference section */
		6A1365962BEDDEA10037CD4D /* CompositionalDiffableDemo.app */ = {isa = PBXFileReference; explicitFileType = wrapper.application; includeInIndex = 0; path = CompositionalDiffableDemo.app; sourceTree = BUILT_PRODUCTS_DIR; };
		6A1365992BEDDEA10037CD4D /* AppDelegate.swift */ = {isa = PBXFileReference; lastKnownFileType = sourcecode.swift; path = AppDelegate.swift; sourceTree = "<group>"; };
		6A13659B2BEDDEA10037CD4D /* SceneDelegate.swift */ = {isa = PBXFileReference; lastKnownFileType = sourcecode.swift; path = SceneDelegate.swift; sourceTree = "<group>"; };
		6A13659D2BEDDEA10037CD4D /* AppViewController.swift */ = {isa = PBXFileReference; lastKnownFileType = sourcecode.swift; path = AppViewController.swift; sourceTree = "<group>"; };
		6A1365A22BEDDEA30037CD4D /* Assets.xcassets */ = {isa = PBXFileReference; lastKnownFileType = folder.assetcatalog; path = Assets.xcassets; sourceTree = "<group>"; };
		6A1365A52BEDDEA30037CD4D /* Base */ = {isa = PBXFileReference; lastKnownFileType = file.storyboard; name = Base; path = Base.lproj/LaunchScreen.storyboard; sourceTree = "<group>"; };
		6A1365A72BEDDEA30037CD4D /* Info.plist */ = {isa = PBXFileReference; lastKnownFileType = text.plist.xml; path = Info.plist; sourceTree = "<group>"; };
		6A1365BA2BF1B6E80037CD4D /* Mocks.swift */ = {isa = PBXFileReference; lastKnownFileType = sourcecode.swift; path = Mocks.swift; sourceTree = "<group>"; };
		6A1365BC2BF1CCFE0037CD4D /* AppSection.swift */ = {isa = PBXFileReference; lastKnownFileType = sourcecode.swift; path = AppSection.swift; sourceTree = "<group>"; };
		6A1365BE2BF1D4C10037CD4D /* FeatureCell.swift */ = {isa = PBXFileReference; lastKnownFileType = sourcecode.swift; path = FeatureCell.swift; sourceTree = "<group>"; };
		6A1365D32BF20DBE0037CD4D /* RankingFeatureCell.swift */ = {isa = PBXFileReference; lastKnownFileType = sourcecode.swift; path = RankingFeatureCell.swift; sourceTree = "<group>"; };
		6A1365D72BF32BC50037CD4D /* HeaderView.swift */ = {isa = PBXFileReference; lastKnownFileType = sourcecode.swift; path = HeaderView.swift; sourceTree = "<group>"; };
		6A1365D92BF3337C0037CD4D /* FooterView.swift */ = {isa = PBXFileReference; lastKnownFileType = sourcecode.swift; path = FooterView.swift; sourceTree = "<group>"; };
/* End PBXFileReference section */

/* Begin PBXFrameworksBuildPhase section */
		6A1365932BEDDEA10037CD4D /* Frameworks */ = {
			isa = PBXFrameworksBuildPhase;
			buildActionMask = 2147483647;
			files = (
				6A1365B72BF1AA0C0037CD4D /* Then in Frameworks */,
				6A1365D22BF2093D0037CD4D /* SnapKit in Frameworks */,
			);
			runOnlyForDeploymentPostprocessing = 0;
		};
/* End PBXFrameworksBuildPhase section */

/* Begin PBXGroup section */
		6A13658D2BEDDEA10037CD4D = {
			isa = PBXGroup;
			children = (
				6A1365982BEDDEA10037CD4D /* CompositionalDiffableDemo */,
				6A1365972BEDDEA10037CD4D /* Products */,
				6A1365C02BF206EB0037CD4D /* Frameworks */,
			);
			sourceTree = "<group>";
		};
		6A1365972BEDDEA10037CD4D /* Products */ = {
			isa = PBXGroup;
			children = (
				6A1365962BEDDEA10037CD4D /* CompositionalDiffableDemo.app */,
			);
			name = Products;
			sourceTree = "<group>";
		};
		6A1365982BEDDEA10037CD4D /* CompositionalDiffableDemo */ = {
			isa = PBXGroup;
			children = (
				6A1365AD2BEDE5AE0037CD4D /* App */,
				6A1365AF2BEDE6900037CD4D /* Presentation */,
				6A1365AE2BEDE5C90037CD4D /* Resources */,
			);
			path = CompositionalDiffableDemo;
			sourceTree = "<group>";
		};
		6A1365AD2BEDE5AE0037CD4D /* App */ = {
			isa = PBXGroup;
			children = (
				6A1365992BEDDEA10037CD4D /* AppDelegate.swift */,
				6A13659B2BEDDEA10037CD4D /* SceneDelegate.swift */,
			);
			path = App;
			sourceTree = "<group>";
		};
		6A1365AE2BEDE5C90037CD4D /* Resources */ = {
			isa = PBXGroup;
			children = (
				6A1365A22BEDDEA30037CD4D /* Assets.xcassets */,
				6A1365A42BEDDEA30037CD4D /* LaunchScreen.storyboard */,
				6A1365A72BEDDEA30037CD4D /* Info.plist */,
			);
			path = Resources;
			sourceTree = "<group>";
		};
		6A1365AF2BEDE6900037CD4D /* Presentation */ = {
			isa = PBXGroup;
			children = (
				6A13659D2BEDDEA10037CD4D /* AppViewController.swift */,
				6A1365BE2BF1D4C10037CD4D /* FeatureCell.swift */,
				6A1365D32BF20DBE0037CD4D /* RankingFeatureCell.swift */,
				6A1365D72BF32BC50037CD4D /* HeaderView.swift */,
				6A1365D92BF3337C0037CD4D /* FooterView.swift */,
				6A1365BC2BF1CCFE0037CD4D /* AppSection.swift */,
				6A1365BA2BF1B6E80037CD4D /* Mocks.swift */,
			);
			path = Presentation;
			sourceTree = "<group>";
		};
		6A1365C02BF206EB0037CD4D /* Frameworks */ = {
			isa = PBXGroup;
			children = (
			);
			name = Frameworks;
			sourceTree = "<group>";
		};
/* End PBXGroup section */

/* Begin PBXNativeTarget section */
		6A1365952BEDDEA10037CD4D /* CompositionalDiffableDemo */ = {
			isa = PBXNativeTarget;
			buildConfigurationList = 6A1365AA2BEDDEA30037CD4D /* Build configuration list for PBXNativeTarget "CompositionalDiffableDemo" */;
			buildPhases = (
				6A1365922BEDDEA10037CD4D /* Sources */,
				6A1365932BEDDEA10037CD4D /* Frameworks */,
				6A1365942BEDDEA10037CD4D /* Resources */,
				6A1365C62BF206EB0037CD4D /* Embed Frameworks */,
			);
			buildRules = (
			);
			dependencies = (
			);
			name = CompositionalDiffableDemo;
			packageProductDependencies = (
				6A1365B62BF1AA0C0037CD4D /* Then */,
				6A1365D12BF2093D0037CD4D /* SnapKit */,
			);
			productName = CompositionalDiffableDemo;
			productReference = 6A1365962BEDDEA10037CD4D /* CompositionalDiffableDemo.app */;
			productType = "com.apple.product-type.application";
		};
/* End PBXNativeTarget section */

/* Begin PBXProject section */
		6A13658E2BEDDEA10037CD4D /* Project object */ = {
			isa = PBXProject;
			attributes = {
				BuildIndependentTargetsInParallel = 1;
				LastSwiftUpdateCheck = 1520;
				LastUpgradeCheck = 1520;
				TargetAttributes = {
					6A1365952BEDDEA10037CD4D = {
						CreatedOnToolsVersion = 15.2;
					};
				};
			};
			buildConfigurationList = 6A1365912BEDDEA10037CD4D /* Build configuration list for PBXProject "CompositionalDiffableDemo" */;
			compatibilityVersion = "Xcode 14.0";
			developmentRegion = en;
			hasScannedForEncodings = 0;
			knownRegions = (
				en,
				Base,
			);
			mainGroup = 6A13658D2BEDDEA10037CD4D;
			packageReferences = (
				6A1365B52BF1AA0C0037CD4D /* XCRemoteSwiftPackageReference "Then" */,
				6A1365D02BF2093D0037CD4D /* XCRemoteSwiftPackageReference "SnapKit" */,
			);
			productRefGroup = 6A1365972BEDDEA10037CD4D /* Products */;
			projectDirPath = "";
			projectRoot = "";
			targets = (
				6A1365952BEDDEA10037CD4D /* CompositionalDiffableDemo */,
			);
		};
/* End PBXProject section */

/* Begin PBXResourcesBuildPhase section */
		6A1365942BEDDEA10037CD4D /* Resources */ = {
			isa = PBXResourcesBuildPhase;
			buildActionMask = 2147483647;
			files = (
				6A1365A62BEDDEA30037CD4D /* LaunchScreen.storyboard in Resources */,
				6A1365A32BEDDEA30037CD4D /* Assets.xcassets in Resources */,
			);
			runOnlyForDeploymentPostprocessing = 0;
		};
/* End PBXResourcesBuildPhase section */

/* Begin PBXSourcesBuildPhase section */
		6A1365922BEDDEA10037CD4D /* Sources */ = {
			isa = PBXSourcesBuildPhase;
			buildActionMask = 2147483647;
			files = (
				6A1365D82BF32BC50037CD4D /* HeaderView.swift in Sources */,
				6A13659E2BEDDEA10037CD4D /* AppViewController.swift in Sources */,
				6A1365DA2BF3337C0037CD4D /* FooterView.swift in Sources */,
				6A1365D42BF20DBE0037CD4D /* RankingFeatureCell.swift in Sources */,
				6A1365BF2BF1D4C10037CD4D /* FeatureCell.swift in Sources */,
				6A13659A2BEDDEA10037CD4D /* AppDelegate.swift in Sources */,
				6A1365BD2BF1CCFE0037CD4D /* AppSection.swift in Sources */,
				6A13659C2BEDDEA10037CD4D /* SceneDelegate.swift in Sources */,
				6A1365BB2BF1B6E80037CD4D /* Mocks.swift in Sources */,
			);
			runOnlyForDeploymentPostprocessing = 0;
		};
/* End PBXSourcesBuildPhase section */

/* Begin PBXVariantGroup section */
		6A1365A42BEDDEA30037CD4D /* LaunchScreen.storyboard */ = {
			isa = PBXVariantGroup;
			children = (
				6A1365A52BEDDEA30037CD4D /* Base */,
			);
			name = LaunchScreen.storyboard;
			sourceTree = "<group>";
		};
/* End PBXVariantGroup section */

/* Begin XCBuildConfiguration section */
		6A1365A82BEDDEA30037CD4D /* Debug */ = {
			isa = XCBuildConfiguration;
			buildSettings = {
				ALWAYS_SEARCH_USER_PATHS = NO;
				ASSETCATALOG_COMPILER_GENERATE_SWIFT_ASSET_SYMBOL_EXTENSIONS = YES;
				CLANG_ANALYZER_NONNULL = YES;
				CLANG_ANALYZER_NUMBER_OBJECT_CONVERSION = YES_AGGRESSIVE;
				CLANG_CXX_LANGUAGE_STANDARD = "gnu++20";
				CLANG_ENABLE_MODULES = YES;
				CLANG_ENABLE_OBJC_ARC = YES;
				CLANG_ENABLE_OBJC_WEAK = YES;
				CLANG_WARN_BLOCK_CAPTURE_AUTORELEASING = YES;
				CLANG_WARN_BOOL_CONVERSION = YES;
				CLANG_WARN_COMMA = YES;
				CLANG_WARN_CONSTANT_CONVERSION = YES;
				CLANG_WARN_DEPRECATED_OBJC_IMPLEMENTATIONS = YES;
				CLANG_WARN_DIRECT_OBJC_ISA_USAGE = YES_ERROR;
				CLANG_WARN_DOCUMENTATION_COMMENTS = YES;
				CLANG_WARN_EMPTY_BODY = YES;
				CLANG_WARN_ENUM_CONVERSION = YES;
				CLANG_WARN_INFINITE_RECURSION = YES;
				CLANG_WARN_INT_CONVERSION = YES;
				CLANG_WARN_NON_LITERAL_NULL_CONVERSION = YES;
				CLANG_WARN_OBJC_IMPLICIT_RETAIN_SELF = YES;
				CLANG_WARN_OBJC_LITERAL_CONVERSION = YES;
				CLANG_WARN_OBJC_ROOT_CLASS = YES_ERROR;
				CLANG_WARN_QUOTED_INCLUDE_IN_FRAMEWORK_HEADER = YES;
				CLANG_WARN_RANGE_LOOP_ANALYSIS = YES;
				CLANG_WARN_STRICT_PROTOTYPES = YES;
				CLANG_WARN_SUSPICIOUS_MOVE = YES;
				CLANG_WARN_UNGUARDED_AVAILABILITY = YES_AGGRESSIVE;
				CLANG_WARN_UNREACHABLE_CODE = YES;
				CLANG_WARN__DUPLICATE_METHOD_MATCH = YES;
				COPY_PHASE_STRIP = NO;
				DEBUG_INFORMATION_FORMAT = dwarf;
				ENABLE_STRICT_OBJC_MSGSEND = YES;
				ENABLE_TESTABILITY = YES;
				ENABLE_USER_SCRIPT_SANDBOXING = YES;
				GCC_C_LANGUAGE_STANDARD = gnu17;
				GCC_DYNAMIC_NO_PIC = NO;
				GCC_NO_COMMON_BLOCKS = YES;
				GCC_OPTIMIZATION_LEVEL = 0;
				GCC_PREPROCESSOR_DEFINITIONS = (
					"DEBUG=1",
					"$(inherited)",
				);
				GCC_WARN_64_TO_32_BIT_CONVERSION = YES;
				GCC_WARN_ABOUT_RETURN_TYPE = YES_ERROR;
				GCC_WARN_UNDECLARED_SELECTOR = YES;
				GCC_WARN_UNINITIALIZED_AUTOS = YES_AGGRESSIVE;
				GCC_WARN_UNUSED_FUNCTION = YES;
				GCC_WARN_UNUSED_VARIABLE = YES;
				IPHONEOS_DEPLOYMENT_TARGET = 14.0;
				LOCALIZATION_PREFERS_STRING_CATALOGS = YES;
				MTL_ENABLE_DEBUG_INFO = INCLUDE_SOURCE;
				MTL_FAST_MATH = YES;
				ONLY_ACTIVE_ARCH = YES;
				SDKROOT = iphoneos;
				SWIFT_ACTIVE_COMPILATION_CONDITIONS = "DEBUG $(inherited)";
				SWIFT_OPTIMIZATION_LEVEL = "-Onone";
			};
			name = Debug;
		};
		6A1365A92BEDDEA30037CD4D /* Release */ = {
			isa = XCBuildConfiguration;
			buildSettings = {
				ALWAYS_SEARCH_USER_PATHS = NO;
				ASSETCATALOG_COMPILER_GENERATE_SWIFT_ASSET_SYMBOL_EXTENSIONS = YES;
				CLANG_ANALYZER_NONNULL = YES;
				CLANG_ANALYZER_NUMBER_OBJECT_CONVERSION = YES_AGGRESSIVE;
				CLANG_CXX_LANGUAGE_STANDARD = "gnu++20";
				CLANG_ENABLE_MODULES = YES;
				CLANG_ENABLE_OBJC_ARC = YES;
				CLANG_ENABLE_OBJC_WEAK = YES;
				CLANG_WARN_BLOCK_CAPTURE_AUTORELEASING = YES;
				CLANG_WARN_BOOL_CONVERSION = YES;
				CLANG_WARN_COMMA = YES;
				CLANG_WARN_CONSTANT_CONVERSION = YES;
				CLANG_WARN_DEPRECATED_OBJC_IMPLEMENTATIONS = YES;
				CLANG_WARN_DIRECT_OBJC_ISA_USAGE = YES_ERROR;
				CLANG_WARN_DOCUMENTATION_COMMENTS = YES;
				CLANG_WARN_EMPTY_BODY = YES;
				CLANG_WARN_ENUM_CONVERSION = YES;
				CLANG_WARN_INFINITE_RECURSION = YES;
				CLANG_WARN_INT_CONVERSION = YES;
				CLANG_WARN_NON_LITERAL_NULL_CONVERSION = YES;
				CLANG_WARN_OBJC_IMPLICIT_RETAIN_SELF = YES;
				CLANG_WARN_OBJC_LITERAL_CONVERSION = YES;
				CLANG_WARN_OBJC_ROOT_CLASS = YES_ERROR;
				CLANG_WARN_QUOTED_INCLUDE_IN_FRAMEWORK_HEADER = YES;
				CLANG_WARN_RANGE_LOOP_ANALYSIS = YES;
				CLANG_WARN_STRICT_PROTOTYPES = YES;
				CLANG_WARN_SUSPICIOUS_MOVE = YES;
				CLANG_WARN_UNGUARDED_AVAILABILITY = YES_AGGRESSIVE;
				CLANG_WARN_UNREACHABLE_CODE = YES;
				CLANG_WARN__DUPLICATE_METHOD_MATCH = YES;
				COPY_PHASE_STRIP = NO;
				DEBUG_INFORMATION_FORMAT = "dwarf-with-dsym";
				ENABLE_NS_ASSERTIONS = NO;
				ENABLE_STRICT_OBJC_MSGSEND = YES;
				ENABLE_USER_SCRIPT_SANDBOXING = YES;
				GCC_C_LANGUAGE_STANDARD = gnu17;
				GCC_NO_COMMON_BLOCKS = YES;
				GCC_WARN_64_TO_32_BIT_CONVERSION = YES;
				GCC_WARN_ABOUT_RETURN_TYPE = YES_ERROR;
				GCC_WARN_UNDECLARED_SELECTOR = YES;
				GCC_WARN_UNINITIALIZED_AUTOS = YES_AGGRESSIVE;
				GCC_WARN_UNUSED_FUNCTION = YES;
				GCC_WARN_UNUSED_VARIABLE = YES;
				IPHONEOS_DEPLOYMENT_TARGET = 14.0;
				LOCALIZATION_PREFERS_STRING_CATALOGS = YES;
				MTL_ENABLE_DEBUG_INFO = NO;
				MTL_FAST_MATH = YES;
				SDKROOT = iphoneos;
				SWIFT_COMPILATION_MODE = wholemodule;
				VALIDATE_PRODUCT = YES;
			};
			name = Release;
		};
		6A1365AB2BEDDEA30037CD4D /* Debug */ = {
			isa = XCBuildConfiguration;
			buildSettings = {
				ASSETCATALOG_COMPILER_APPICON_NAME = AppIcon;
				ASSETCATALOG_COMPILER_GLOBAL_ACCENT_COLOR_NAME = AccentColor;
				CODE_SIGN_STYLE = Automatic;
				CURRENT_PROJECT_VERSION = 1;
				DEVELOPMENT_TEAM = F8M76V73YG;
				GENERATE_INFOPLIST_FILE = YES;
				INFOPLIST_FILE = CompositionalDiffableDemo/Resources/Info.plist;
				INFOPLIST_KEY_UIApplicationSupportsIndirectInputEvents = YES;
				INFOPLIST_KEY_UILaunchStoryboardName = LaunchScreen;
				INFOPLIST_KEY_UIMainStoryboardFile = Main;
				INFOPLIST_KEY_UISupportedInterfaceOrientations_iPad = "UIInterfaceOrientationPortrait UIInterfaceOrientationPortraitUpsideDown UIInterfaceOrientationLandscapeLeft UIInterfaceOrientationLandscapeRight";
				INFOPLIST_KEY_UISupportedInterfaceOrientations_iPhone = "UIInterfaceOrientationPortrait UIInterfaceOrientationLandscapeLeft UIInterfaceOrientationLandscapeRight";
				IPHONEOS_DEPLOYMENT_TARGET = 14.0;
				LD_RUNPATH_SEARCH_PATHS = (
					"$(inherited)",
					"@executable_path/Frameworks",
				);
				MARKETING_VERSION = 1.0;
				PRODUCT_BUNDLE_IDENTIFIER = com.thoonk.CompositionalDiffableDemo;
				PRODUCT_NAME = "$(TARGET_NAME)";
				SUPPORTED_PLATFORMS = "iphoneos iphonesimulator";
				SUPPORTS_MACCATALYST = NO;
				SWIFT_EMIT_LOC_STRINGS = YES;
				SWIFT_VERSION = 5.0;
				TARGETED_DEVICE_FAMILY = 1;
			};
			name = Debug;
		};
		6A1365AC2BEDDEA30037CD4D /* Release */ = {
			isa = XCBuildConfiguration;
			buildSettings = {
				ASSETCATALOG_COMPILER_APPICON_NAME = AppIcon;
				ASSETCATALOG_COMPILER_GLOBAL_ACCENT_COLOR_NAME = AccentColor;
				CODE_SIGN_STYLE = Automatic;
				CURRENT_PROJECT_VERSION = 1;
				DEVELOPMENT_TEAM = F8M76V73YG;
				GENERATE_INFOPLIST_FILE = YES;
				INFOPLIST_FILE = CompositionalDiffableDemo/Resources/Info.plist;
				INFOPLIST_KEY_UIApplicationSupportsIndirectInputEvents = YES;
				INFOPLIST_KEY_UILaunchStoryboardName = LaunchScreen;
				INFOPLIST_KEY_UIMainStoryboardFile = Main;
				INFOPLIST_KEY_UISupportedInterfaceOrientations_iPad = "UIInterfaceOrientationPortrait UIInterfaceOrientationPortraitUpsideDown UIInterfaceOrientationLandscapeLeft UIInterfaceOrientationLandscapeRight";
				INFOPLIST_KEY_UISupportedInterfaceOrientations_iPhone = "UIInterfaceOrientationPortrait UIInterfaceOrientationLandscapeLeft UIInterfaceOrientationLandscapeRight";
				IPHONEOS_DEPLOYMENT_TARGET = 14.0;
				LD_RUNPATH_SEARCH_PATHS = (
					"$(inherited)",
					"@executable_path/Frameworks",
				);
				MARKETING_VERSION = 1.0;
				PRODUCT_BUNDLE_IDENTIFIER = com.thoonk.CompositionalDiffableDemo;
				PRODUCT_NAME = "$(TARGET_NAME)";
				SUPPORTED_PLATFORMS = "iphoneos iphonesimulator";
				SUPPORTS_MACCATALYST = NO;
				SWIFT_EMIT_LOC_STRINGS = YES;
				SWIFT_VERSION = 5.0;
				TARGETED_DEVICE_FAMILY = 1;
			};
			name = Release;
		};
/* End XCBuildConfiguration section */

/* Begin XCConfigurationList section */
		6A1365912BEDDEA10037CD4D /* Build configuration list for PBXProject "CompositionalDiffableDemo" */ = {
			isa = XCConfigurationList;
			buildConfigurations = (
				6A1365A82BEDDEA30037CD4D /* Debug */,
				6A1365A92BEDDEA30037CD4D /* Release */,
			);
			defaultConfigurationIsVisible = 0;
			defaultConfigurationName = Release;
		};
		6A1365AA2BEDDEA30037CD4D /* Build configuration list for PBXNativeTarget "CompositionalDiffableDemo" */ = {
			isa = XCConfigurationList;
			buildConfigurations = (
				6A1365AB2BEDDEA30037CD4D /* Debug */,
				6A1365AC2BEDDEA30037CD4D /* Release */,
			);
			defaultConfigurationIsVisible = 0;
			defaultConfigurationName = Release;
		};
/* End XCConfigurationList section */

/* Begin XCRemoteSwiftPackageReference section */
		6A1365B52BF1AA0C0037CD4D /* XCRemoteSwiftPackageReference "Then" */ = {
			isa = XCRemoteSwiftPackageReference;
			repositoryURL = "https://github.com/devxoul/Then";
			requirement = {
				kind = upToNextMajorVersion;
				minimumVersion = 3.0.0;
			};
		};
		6A1365D02BF2093D0037CD4D /* XCRemoteSwiftPackageReference "SnapKit" */ = {
			isa = XCRemoteSwiftPackageReference;
			repositoryURL = "https://github.com/SnapKit/SnapKit";
			requirement = {
				kind = upToNextMajorVersion;
				minimumVersion = 5.7.1;
			};
		};
/* End XCRemoteSwiftPackageReference section */

/* Begin XCSwiftPackageProductDependency section */
		6A1365B62BF1AA0C0037CD4D /* Then */ = {
			isa = XCSwiftPackageProductDependency;
			package = 6A1365B52BF1AA0C0037CD4D /* XCRemoteSwiftPackageReference "Then" */;
			productName = Then;
		};
		6A1365D12BF2093D0037CD4D /* SnapKit */ = {
			isa = XCSwiftPackageProductDependency;
			package = 6A1365D02BF2093D0037CD4D /* XCRemoteSwiftPackageReference "SnapKit" */;
			productName = SnapKit;
		};
/* End XCSwiftPackageProductDependency section */
	};
	rootObject = 6A13658E2BEDDEA10037CD4D /* Project object */;
}
